PODS:
  - ABMultiton (2.1.0):
    - ABMultiton/Core (= 2.1.0)
  - ABMultiton/Core (2.1.0)
  - Cedar (0.13.0)
  - OCFuntime (0.3.0):
    - OCFuntime/All (= 0.3.0)
  - OCFuntime/All (0.3.0):
    - OCFuntime/NSObject+OCFMethods
    - OCFuntime/NSObject+OCFProperties
    - OCFuntime/Protocols
  - OCFuntime/Core (0.3.0)
  - OCFuntime/Methods (0.3.0):
    - OCFuntime/Core
  - OCFuntime/NSObject+OCFMethods (0.3.0):
    - OCFuntime/Methods
    - OCFuntime/Shared
  - OCFuntime/NSObject+OCFProperties (0.3.0):
    - OCFuntime/Properties
    - OCFuntime/Shared
  - OCFuntime/Properties (0.3.0):
    - OCFuntime/Core
  - OCFuntime/Protocols (0.3.0):
    - OCFuntime/Core
  - OCFuntime/Shared (0.3.0):
    - ABMultiton
    - OCFuntime/Core

DEPENDENCIES:
  - Cedar
  - OCFuntime

SPEC CHECKSUMS:
  ABMultiton: 83a56549b17eb7e91488a9d24ab759b84cd9d95d
  Cedar: 1eb9f7a30039d9aa575bd5728c05fd36326bf12d
  OCFuntime: 24e1062ab33a67780bd2e894214134d702a4eb91

COCOAPODS: 0.39.0
