// !$*UTF8*$!
{
	archiveVersion = 1;
	classes = {
	};
	objectVersion = 46;
	objects = {

/* Begin PBXBuildFile section */
		D0E96A9A6BF338144D1F0CCA /* libPods-NSDateCalendarSpec.a in Frameworks */ = {isa = PBXBuildFile; fileRef = 16E7401C31F147BD8665207B /* libPods-NSDateCalendarSpec.a */; };
		FA27A2EF1A4ECBC800D709AE /* NSDate+CompareSpec.mm in Sources */ = {isa = PBXBuildFile; fileRef = FA27A2E81A4ECBC800D709AE /* NSDate+CompareSpec.mm */; };
		FA27A2F01A4ECBC800D709AE /* NSDate+DateTimeSpec.mm in Sources */ = {isa = PBXBuildFile; fileRef = FA27A2E91A4ECBC800D709AE /* NSDate+DateTimeSpec.mm */; };
		FA27A2F11A4ECBC800D709AE /* NSDate+DaySpec.mm in Sources */ = {isa = PBXBuildFile; fileRef = FA27A2EA1A4ECBC800D709AE /* NSDate+DaySpec.mm */; };
		FA27A2F21A4ECBC800D709AE /* NSDate+MonthSpec.mm in Sources */ = {isa = PBXBuildFile; fileRef = FA27A2EB1A4ECBC800D709AE /* NSDate+MonthSpec.mm */; };
		FA27A2F31A4ECBC800D709AE /* NSDate+TimeSpec.mm in Sources */ = {isa = PBXBuildFile; fileRef = FA27A2EC1A4ECBC800D709AE /* NSDate+TimeSpec.mm */; };
		FA27A2F41A4ECBC800D709AE /* NSDate+WeekSpec.mm in Sources */ = {isa = PBXBuildFile; fileRef = FA27A2ED1A4ECBC800D709AE /* NSDate+WeekSpec.mm */; };
		FA27A2F51A4ECBC800D709AE /* NSDate+YearSpec.mm in Sources */ = {isa = PBXBuildFile; fileRef = FA27A2EE1A4ECBC800D709AE /* NSDate+YearSpec.mm */; };
		FA27A2FB1A4ECF2200D709AE /* NSDateCalendarTestMock.m in Sources */ = {isa = PBXBuildFile; fileRef = FA27A2FA1A4ECF2200D709AE /* NSDateCalendarTestMock.m */; };
		FA58667F1A4EC8A000FFA830 /* main.m in Sources */ = {isa = PBXBuildFile; fileRef = FA58667E1A4EC8A000FFA830 /* main.m */; };
		FA5866821A4EC8A000FFA830 /* AppDelegate.m in Sources */ = {isa = PBXBuildFile; fileRef = FA5866811A4EC8A000FFA830 /* AppDelegate.m */; };
		FA5866851A4EC8A000FFA830 /* ViewController.m in Sources */ = {isa = PBXBuildFile; fileRef = FA5866841A4EC8A000FFA830 /* ViewController.m */; };
		FA5866881A4EC8A000FFA830 /* Main.storyboard in Resources */ = {isa = PBXBuildFile; fileRef = FA5866861A4EC8A000FFA830 /* Main.storyboard */; };
		FA58668A1A4EC8A000FFA830 /* Images.xcassets in Resources */ = {isa = PBXBuildFile; fileRef = FA5866891A4EC8A000FFA830 /* Images.xcassets */; };
		FA58668D1A4EC8A000FFA830 /* LaunchScreen.xib in Resources */ = {isa = PBXBuildFile; fileRef = FA58668B1A4EC8A000FFA830 /* LaunchScreen.xib */; };
		FA5866C61A4ECA0800FFA830 /* NSDate+Compare.m in Sources */ = {isa = PBXBuildFile; fileRef = FA5866B71A4ECA0800FFA830 /* NSDate+Compare.m */; };
		FA5866C71A4ECA0800FFA830 /* NSDate+Components.m in Sources */ = {isa = PBXBuildFile; fileRef = FA5866B91A4ECA0800FFA830 /* NSDate+Components.m */; };
		FA5866C81A4ECA0800FFA830 /* NSDate+DateTime.m in Sources */ = {isa = PBXBuildFile; fileRef = FA5866BB1A4ECA0800FFA830 /* NSDate+DateTime.m */; };
		FA5866C91A4ECA0800FFA830 /* NSDate+Day.m in Sources */ = {isa = PBXBuildFile; fileRef = FA5866BD1A4ECA0800FFA830 /* NSDate+Day.m */; };
		FA5866CA1A4ECA0800FFA830 /* NSDate+Month.m in Sources */ = {isa = PBXBuildFile; fileRef = FA5866BF1A4ECA0800FFA830 /* NSDate+Month.m */; };
		FA5866CB1A4ECA0800FFA830 /* NSDate+Time.m in Sources */ = {isa = PBXBuildFile; fileRef = FA5866C11A4ECA0800FFA830 /* NSDate+Time.m */; };
		FA5866CC1A4ECA0800FFA830 /* NSDate+Week.m in Sources */ = {isa = PBXBuildFile; fileRef = FA5866C31A4ECA0800FFA830 /* NSDate+Week.m */; };
		FA5866CD1A4ECA0800FFA830 /* NSDate+Year.m in Sources */ = {isa = PBXBuildFile; fileRef = FA5866C51A4ECA0800FFA830 /* NSDate+Year.m */; };
/* End PBXBuildFile section */

/* Begin PBXContainerItemProxy section */
		FA5866AF1A4EC91100FFA830 /* PBXContainerItemProxy */ = {
			isa = PBXContainerItemProxy;
			containerPortal = FA5866711A4EC8A000FFA830 /* Project object */;
			proxyType = 1;
			remoteGlobalIDString = FA5866781A4EC8A000FFA830;
			remoteInfo = NSDateCalendar;
		};
/* End PBXContainerItemProxy section */

/* Begin PBXFileReference section */
		02B436490BD985E51E7B557B /* Pods-NSDateCalendarSpec.debug.xcconfig */ = {isa = PBXFileReference; includeInIndex = 1; lastKnownFileType = text.xcconfig; name = "Pods-NSDateCalendarSpec.debug.xcconfig"; path = "Pods/Target Support Files/Pods-NSDateCalendarSpec/Pods-NSDateCalendarSpec.debug.xcconfig"; sourceTree = "<group>"; };
		113D41021B91FEB2AC53BD55 /* Pods-NSDateCalendarSpec.release.xcconfig */ = {isa = PBXFileReference; includeInIndex = 1; lastKnownFileType = text.xcconfig; name = "Pods-NSDateCalendarSpec.release.xcconfig"; path = "Pods/Target Support Files/Pods-NSDateCalendarSpec/Pods-NSDateCalendarSpec.release.xcconfig"; sourceTree = "<group>"; };
		16E7401C31F147BD8665207B /* libPods-NSDateCalendarSpec.a */ = {isa = PBXFileReference; explicitFileType = archive.ar; includeInIndex = 0; path = "libPods-NSDateCalendarSpec.a"; sourceTree = BUILT_PRODUCTS_DIR; };
		FA27A2E81A4ECBC800D709AE /* NSDate+CompareSpec.mm */ = {isa = PBXFileReference; fileEncoding = 4; lastKnownFileType = sourcecode.cpp.objcpp; path = "NSDate+CompareSpec.mm"; sourceTree = "<group>"; };
		FA27A2E91A4ECBC800D709AE /* NSDate+DateTimeSpec.mm */ = {isa = PBXFileReference; fileEncoding = 4; lastKnownFileType = sourcecode.cpp.objcpp; path = "NSDate+DateTimeSpec.mm"; sourceTree = "<group>"; };
		FA27A2EA1A4ECBC800D709AE /* NSDate+DaySpec.mm */ = {isa = PBXFileReference; fileEncoding = 4; lastKnownFileType = sourcecode.cpp.objcpp; path = "NSDate+DaySpec.mm"; sourceTree = "<group>"; };
		FA27A2EB1A4ECBC800D709AE /* NSDate+MonthSpec.mm */ = {isa = PBXFileReference; fileEncoding = 4; lastKnownFileType = sourcecode.cpp.objcpp; path = "NSDate+MonthSpec.mm"; sourceTree = "<group>"; };
		FA27A2EC1A4ECBC800D709AE /* NSDate+TimeSpec.mm */ = {isa = PBXFileReference; fileEncoding = 4; lastKnownFileType = sourcecode.cpp.objcpp; path = "NSDate+TimeSpec.mm"; sourceTree = "<group>"; };
		FA27A2ED1A4ECBC800D709AE /* NSDate+WeekSpec.mm */ = {isa = PBXFileReference; fileEncoding = 4; lastKnownFileType = sourcecode.cpp.objcpp; path = "NSDate+WeekSpec.mm"; sourceTree = "<group>"; };
		FA27A2EE1A4ECBC800D709AE /* NSDate+YearSpec.mm */ = {isa = PBXFileReference; fileEncoding = 4; lastKnownFileType = sourcecode.cpp.objcpp; path = "NSDate+YearSpec.mm"; sourceTree = "<group>"; };
		FA27A2F61A4ECBFD00D709AE /* NSDateCalendarSpec-Prefix.pch */ = {isa = PBXFileReference; lastKnownFileType = sourcecode.c.h; path = "NSDateCalendarSpec-Prefix.pch"; sourceTree = "<group>"; };
		FA27A2FA1A4ECF2200D709AE /* NSDateCalendarTestMock.m */ = {isa = PBXFileReference; fileEncoding = 4; lastKnownFileType = sourcecode.c.objc; path = NSDateCalendarTestMock.m; sourceTree = "<group>"; };
		FA5866791A4EC8A000FFA830 /* NSDateCalendar.app */ = {isa = PBXFileReference; explicitFileType = wrapper.application; includeInIndex = 0; path = NSDateCalendar.app; sourceTree = BUILT_PRODUCTS_DIR; };
		FA58667D1A4EC8A000FFA830 /* Info.plist */ = {isa = PBXFileReference; lastKnownFileType = text.plist.xml; path = Info.plist; sourceTree = "<group>"; };
		FA58667E1A4EC8A000FFA830 /* main.m */ = {isa = PBXFileReference; lastKnownFileType = sourcecode.c.objc; path = main.m; sourceTree = "<group>"; };
		FA5866801A4EC8A000FFA830 /* AppDelegate.h */ = {isa = PBXFileReference; lastKnownFileType = sourcecode.c.h; path = AppDelegate.h; sourceTree = "<group>"; };
		FA5866811A4EC8A000FFA830 /* AppDelegate.m */ = {isa = PBXFileReference; lastKnownFileType = sourcecode.c.objc; path = AppDelegate.m; sourceTree = "<group>"; };
		FA5866831A4EC8A000FFA830 /* ViewController.h */ = {isa = PBXFileReference; lastKnownFileType = sourcecode.c.h; path = ViewController.h; sourceTree = "<group>"; };
		FA5866841A4EC8A000FFA830 /* ViewController.m */ = {isa = PBXFileReference; lastKnownFileType = sourcecode.c.objc; path = ViewController.m; sourceTree = "<group>"; };
		FA5866871A4EC8A000FFA830 /* Base */ = {isa = PBXFileReference; lastKnownFileType = file.storyboard; name = Base; path = Base.lproj/Main.storyboard; sourceTree = "<group>"; };
		FA5866891A4EC8A000FFA830 /* Images.xcassets */ = {isa = PBXFileReference; lastKnownFileType = folder.assetcatalog; path = Images.xcassets; sourceTree = "<group>"; };
		FA58668C1A4EC8A000FFA830 /* Base */ = {isa = PBXFileReference; lastKnownFileType = file.xib; name = Base; path = Base.lproj/LaunchScreen.xib; sourceTree = "<group>"; };
		FA5866A91A4EC91100FFA830 /* NSDateCalendarSpec.xctest */ = {isa = PBXFileReference; explicitFileType = wrapper.cfbundle; includeInIndex = 0; path = NSDateCalendarSpec.xctest; sourceTree = BUILT_PRODUCTS_DIR; };
		FA5866AC1A4EC91100FFA830 /* Info.plist */ = {isa = PBXFileReference; lastKnownFileType = text.plist.xml; path = Info.plist; sourceTree = "<group>"; };
		FA5866B51A4ECA0800FFA830 /* NSDate+Calendar.h */ = {isa = PBXFileReference; fileEncoding = 4; lastKnownFileType = sourcecode.c.h; path = "NSDate+Calendar.h"; sourceTree = "<group>"; };
		FA5866B61A4ECA0800FFA830 /* NSDate+Compare.h */ = {isa = PBXFileReference; fileEncoding = 4; lastKnownFileType = sourcecode.c.h; path = "NSDate+Compare.h"; sourceTree = "<group>"; };
		FA5866B71A4ECA0800FFA830 /* NSDate+Compare.m */ = {isa = PBXFileReference; fileEncoding = 4; lastKnownFileType = sourcecode.c.objc; path = "NSDate+Compare.m"; sourceTree = "<group>"; };
		FA5866B81A4ECA0800FFA830 /* NSDate+Components.h */ = {isa = PBXFileReference; fileEncoding = 4; lastKnownFileType = sourcecode.c.h; path = "NSDate+Components.h"; sourceTree = "<group>"; };
		FA5866B91A4ECA0800FFA830 /* NSDate+Components.m */ = {isa = PBXFileReference; fileEncoding = 4; lastKnownFileType = sourcecode.c.objc; path = "NSDate+Components.m"; sourceTree = "<group>"; };
		FA5866BA1A4ECA0800FFA830 /* NSDate+DateTime.h */ = {isa = PBXFileReference; fileEncoding = 4; lastKnownFileType = sourcecode.c.h; path = "NSDate+DateTime.h"; sourceTree = "<group>"; };
		FA5866BB1A4ECA0800FFA830 /* NSDate+DateTime.m */ = {isa = PBXFileReference; fileEncoding = 4; lastKnownFileType = sourcecode.c.objc; path = "NSDate+DateTime.m"; sourceTree = "<group>"; };
		FA5866BC1A4ECA0800FFA830 /* NSDate+Day.h */ = {isa = PBXFileReference; fileEncoding = 4; lastKnownFileType = sourcecode.c.h; path = "NSDate+Day.h"; sourceTree = "<group>"; };
		FA5866BD1A4ECA0800FFA830 /* NSDate+Day.m */ = {isa = PBXFileReference; fileEncoding = 4; lastKnownFileType = sourcecode.c.objc; path = "NSDate+Day.m"; sourceTree = "<group>"; };
		FA5866BE1A4ECA0800FFA830 /* NSDate+Month.h */ = {isa = PBXFileReference; fileEncoding = 4; lastKnownFileType = sourcecode.c.h; path = "NSDate+Month.h"; sourceTree = "<group>"; };
		FA5866BF1A4ECA0800FFA830 /* NSDate+Month.m */ = {isa = PBXFileReference; fileEncoding = 4; lastKnownFileType = sourcecode.c.objc; path = "NSDate+Month.m"; sourceTree = "<group>"; };
		FA5866C01A4ECA0800FFA830 /* NSDate+Time.h */ = {isa = PBXFileReference; fileEncoding = 4; lastKnownFileType = sourcecode.c.h; path = "NSDate+Time.h"; sourceTree = "<group>"; };
		FA5866C11A4ECA0800FFA830 /* NSDate+Time.m */ = {isa = PBXFileReference; fileEncoding = 4; lastKnownFileType = sourcecode.c.objc; path = "NSDate+Time.m"; sourceTree = "<group>"; };
		FA5866C21A4ECA0800FFA830 /* NSDate+Week.h */ = {isa = PBXFileReference; fileEncoding = 4; lastKnownFileType = sourcecode.c.h; path = "NSDate+Week.h"; sourceTree = "<group>"; };
		FA5866C31A4ECA0800FFA830 /* NSDate+Week.m */ = {isa = PBXFileReference; fileEncoding = 4; lastKnownFileType = sourcecode.c.objc; path = "NSDate+Week.m"; sourceTree = "<group>"; };
		FA5866C41A4ECA0800FFA830 /* NSDate+Year.h */ = {isa = PBXFileReference; fileEncoding = 4; lastKnownFileType = sourcecode.c.h; path = "NSDate+Year.h"; sourceTree = "<group>"; };
		FA5866C51A4ECA0800FFA830 /* NSDate+Year.m */ = {isa = PBXFileReference; fileEncoding = 4; lastKnownFileType = sourcecode.c.objc; path = "NSDate+Year.m"; sourceTree = "<group>"; };
/* End PBXFileReference section */

/* Begin PBXFrameworksBuildPhase section */
		FA5866761A4EC8A000FFA830 /* Frameworks */ = {
			isa = PBXFrameworksBuildPhase;
			buildActionMask = 2147483647;
			files = (
			);
			runOnlyForDeploymentPostprocessing = 0;
		};
		FA5866A61A4EC91100FFA830 /* Frameworks */ = {
			isa = PBXFrameworksBuildPhase;
			buildActionMask = 2147483647;
			files = (
				D0E96A9A6BF338144D1F0CCA /* libPods-NSDateCalendarSpec.a in Frameworks */,
			);
			runOnlyForDeploymentPostprocessing = 0;
		};
/* End PBXFrameworksBuildPhase section */

/* Begin PBXGroup section */
		93608B2F268A4A4D7B2E9AAB /* Frameworks */ = {
			isa = PBXGroup;
			children = (
				16E7401C31F147BD8665207B /* libPods-NSDateCalendarSpec.a */,
			);
			name = Frameworks;
			sourceTree = "<group>";
		};
		F0BA0E2D6C0DF0443A46C711 /* Pods */ = {
			isa = PBXGroup;
			children = (
				02B436490BD985E51E7B557B /* Pods-NSDateCalendarSpec.debug.xcconfig */,
				113D41021B91FEB2AC53BD55 /* Pods-NSDateCalendarSpec.release.xcconfig */,
			);
			name = Pods;
			sourceTree = "<group>";
		};
		FA27A2F91A4ECEA500D709AE /* Spec */ = {
			isa = PBXGroup;
			children = (
				FA27A2E81A4ECBC800D709AE /* NSDate+CompareSpec.mm */,
				FA27A2E91A4ECBC800D709AE /* NSDate+DateTimeSpec.mm */,
				FA27A2EA1A4ECBC800D709AE /* NSDate+DaySpec.mm */,
				FA27A2EB1A4ECBC800D709AE /* NSDate+MonthSpec.mm */,
				FA27A2EC1A4ECBC800D709AE /* NSDate+TimeSpec.mm */,
				FA27A2ED1A4ECBC800D709AE /* NSDate+WeekSpec.mm */,
				FA27A2EE1A4ECBC800D709AE /* NSDate+YearSpec.mm */,
			);
			name = Spec;
			sourceTree = "<group>";
		};
		FA5866701A4EC8A000FFA830 = {
			isa = PBXGroup;
			children = (
				FA5866B41A4ECA0800FFA830 /* Pod */,
				FA58667B1A4EC8A000FFA830 /* NSDateCalendar */,
				FA5866AA1A4EC91100FFA830 /* NSDateCalendarSpec */,
				FA58667A1A4EC8A000FFA830 /* Products */,
				F0BA0E2D6C0DF0443A46C711 /* Pods */,
				93608B2F268A4A4D7B2E9AAB /* Frameworks */,
			);
			sourceTree = "<group>";
		};
		FA58667A1A4EC8A000FFA830 /* Products */ = {
			isa = PBXGroup;
			children = (
				FA5866791A4EC8A000FFA830 /* NSDateCalendar.app */,
				FA5866A91A4EC91100FFA830 /* NSDateCalendarSpec.xctest */,
			);
			name = Products;
			sourceTree = "<group>";
		};
		FA58667B1A4EC8A000FFA830 /* NSDateCalendar */ = {
			isa = PBXGroup;
			children = (
				FA5866A31A4EC8E700FFA830 /* Controllers */,
				FA5866A21A4EC8D900FFA830 /* AppDelegate */,
				FA5866A41A4EC8F400FFA830 /* Resources */,
				FA58667C1A4EC8A000FFA830 /* Supporting Files */,
			);
			path = NSDateCalendar;
			sourceTree = "<group>";
		};
		FA58667C1A4EC8A000FFA830 /* Supporting Files */ = {
			isa = PBXGroup;
			children = (
				FA58667D1A4EC8A000FFA830 /* Info.plist */,
				FA58667E1A4EC8A000FFA830 /* main.m */,
			);
			name = "Supporting Files";
			sourceTree = "<group>";
		};
		FA5866A21A4EC8D900FFA830 /* AppDelegate */ = {
			isa = PBXGroup;
			children = (
				FA5866801A4EC8A000FFA830 /* AppDelegate.h */,
				FA5866811A4EC8A000FFA830 /* AppDelegate.m */,
			);
			name = AppDelegate;
			sourceTree = "<group>";
		};
		FA5866A31A4EC8E700FFA830 /* Controllers */ = {
			isa = PBXGroup;
			children = (
				FA5866831A4EC8A000FFA830 /* ViewController.h */,
				FA5866841A4EC8A000FFA830 /* ViewController.m */,
				FA5866861A4EC8A000FFA830 /* Main.storyboard */,
			);
			name = Controllers;
			sourceTree = "<group>";
		};
		FA5866A41A4EC8F400FFA830 /* Resources */ = {
			isa = PBXGroup;
			children = (
				FA5866891A4EC8A000FFA830 /* Images.xcassets */,
				FA58668B1A4EC8A000FFA830 /* LaunchScreen.xib */,
			);
			name = Resources;
			sourceTree = "<group>";
		};
		FA5866AA1A4EC91100FFA830 /* NSDateCalendarSpec */ = {
			isa = PBXGroup;
			children = (
				FA27A2F91A4ECEA500D709AE /* Spec */,
				FA5866AB1A4EC91100FFA830 /* Supporting Files */,
			);
			path = NSDateCalendarSpec;
			sourceTree = "<group>";
		};
		FA5866AB1A4EC91100FFA830 /* Supporting Files */ = {
			isa = PBXGroup;
			children = (
				FA27A2FA1A4ECF2200D709AE /* NSDateCalendarTestMock.m */,
				FA5866AC1A4EC91100FFA830 /* Info.plist */,
				FA27A2F61A4ECBFD00D709AE /* NSDateCalendarSpec-Prefix.pch */,
			);
			name = "Supporting Files";
			sourceTree = "<group>";
		};
		FA5866B41A4ECA0800FFA830 /* Pod */ = {
			isa = PBXGroup;
			children = (
				FA5866B51A4ECA0800FFA830 /* NSDate+Calendar.h */,
				FA5866B61A4ECA0800FFA830 /* NSDate+Compare.h */,
				FA5866B71A4ECA0800FFA830 /* NSDate+Compare.m */,
				FA5866B81A4ECA0800FFA830 /* NSDate+Components.h */,
				FA5866B91A4ECA0800FFA830 /* NSDate+Components.m */,
				FA5866BA1A4ECA0800FFA830 /* NSDate+DateTime.h */,
				FA5866BB1A4ECA0800FFA830 /* NSDate+DateTime.m */,
				FA5866BC1A4ECA0800FFA830 /* NSDate+Day.h */,
				FA5866BD1A4ECA0800FFA830 /* NSDate+Day.m */,
				FA5866BE1A4ECA0800FFA830 /* NSDate+Month.h */,
				FA5866BF1A4ECA0800FFA830 /* NSDate+Month.m */,
				FA5866C01A4ECA0800FFA830 /* NSDate+Time.h */,
				FA5866C11A4ECA0800FFA830 /* NSDate+Time.m */,
				FA5866C21A4ECA0800FFA830 /* NSDate+Week.h */,
				FA5866C31A4ECA0800FFA830 /* NSDate+Week.m */,
				FA5866C41A4ECA0800FFA830 /* NSDate+Year.h */,
				FA5866C51A4ECA0800FFA830 /* NSDate+Year.m */,
			);
			name = Pod;
			path = ../Pod;
			sourceTree = "<group>";
		};
/* End PBXGroup section */

/* Begin PBXNativeTarget section */
		FA5866781A4EC8A000FFA830 /* NSDateCalendar */ = {
			isa = PBXNativeTarget;
			buildConfigurationList = FA58669C1A4EC8A000FFA830 /* Build configuration list for PBXNativeTarget "NSDateCalendar" */;
			buildPhases = (
				FA5866751A4EC8A000FFA830 /* Sources */,
				FA5866761A4EC8A000FFA830 /* Frameworks */,
				FA5866771A4EC8A000FFA830 /* Resources */,
			);
			buildRules = (
			);
			dependencies = (
			);
			name = NSDateCalendar;
			productName = NSDateCalendar;
			productReference = FA5866791A4EC8A000FFA830 /* NSDateCalendar.app */;
			productType = "com.apple.product-type.application";
		};
		FA5866A81A4EC91100FFA830 /* NSDateCalendarSpec */ = {
			isa = PBXNativeTarget;
			buildConfigurationList = FA5866B11A4EC91100FFA830 /* Build configuration list for PBXNativeTarget "NSDateCalendarSpec" */;
			buildPhases = (
				B5EB233877D0659704398746 /* Check Pods Manifest.lock */,
				FA5866A51A4EC91100FFA830 /* Sources */,
				FA5866A61A4EC91100FFA830 /* Frameworks */,
				FA5866A71A4EC91100FFA830 /* Resources */,
				E1724D7969E67D1C5D657E0B /* Copy Pods Resources */,
			);
			buildRules = (
			);
			dependencies = (
				FA5866B01A4EC91100FFA830 /* PBXTargetDependency */,
			);
			name = NSDateCalendarSpec;
			productName = NSDateCalendarSpec;
			productReference = FA5866A91A4EC91100FFA830 /* NSDateCalendarSpec.xctest */;
			productType = "com.apple.product-type.bundle.unit-test";
		};
/* End PBXNativeTarget section */

/* Begin PBXProject section */
		FA5866711A4EC8A000FFA830 /* Project object */ = {
			isa = PBXProject;
			attributes = {
				LastUpgradeCheck = 0610;
				ORGANIZATIONNAME = Okolodev;
				TargetAttributes = {
					FA5866781A4EC8A000FFA830 = {
						CreatedOnToolsVersion = 6.1.1;
					};
					FA5866A81A4EC91100FFA830 = {
						CreatedOnToolsVersion = 6.1.1;
						TestTargetID = FA5866781A4EC8A000FFA830;
					};
				};
			};
			buildConfigurationList = FA5866741A4EC8A000FFA830 /* Build configuration list for PBXProject "NSDateCalendar" */;
			compatibilityVersion = "Xcode 3.2";
			developmentRegion = English;
			hasScannedForEncodings = 0;
			knownRegions = (
				en,
				Base,
			);
			mainGroup = FA5866701A4EC8A000FFA830;
			productRefGroup = FA58667A1A4EC8A000FFA830 /* Products */;
			projectDirPath = "";
			projectRoot = "";
			targets = (
				FA5866781A4EC8A000FFA830 /* NSDateCalendar */,
				FA5866A81A4EC91100FFA830 /* NSDateCalendarSpec */,
			);
		};
/* End PBXProject section */

/* Begin PBXResourcesBuildPhase section */
		FA5866771A4EC8A000FFA830 /* Resources */ = {
			isa = PBXResourcesBuildPhase;
			buildActionMask = 2147483647;
			files = (
				FA5866881A4EC8A000FFA830 /* Main.storyboard in Resources */,
				FA58668D1A4EC8A000FFA830 /* LaunchScreen.xib in Resources */,
				FA58668A1A4EC8A000FFA830 /* Images.xcassets in Resources */,
			);
			runOnlyForDeploymentPostprocessing = 0;
		};
		FA5866A71A4EC91100FFA830 /* Resources */ = {
			isa = PBXResourcesBuildPhase;
			buildActionMask = 2147483647;
			files = (
			);
			runOnlyForDeploymentPostprocessing = 0;
		};
/* End PBXResourcesBuildPhase section */

/* Begin PBXShellScriptBuildPhase section */
		B5EB233877D0659704398746 /* Check Pods Manifest.lock */ = {
			isa = PBXShellScriptBuildPhase;
			buildActionMask = 2147483647;
			files = (
			);
			inputPaths = (
			);
			name = "Check Pods Manifest.lock";
			outputPaths = (
			);
			runOnlyForDeploymentPostprocessing = 0;
			shellPath = /bin/sh;
			shellScript = "diff \"${PODS_ROOT}/../Podfile.lock\" \"${PODS_ROOT}/Manifest.lock\" > /dev/null\nif [[ $? != 0 ]] ; then\n    cat << EOM\nerror: The sandbox is not in sync with the Podfile.lock. Run 'pod install' or update your CocoaPods installation.\nEOM\n    exit 1\nfi\n";
			showEnvVarsInLog = 0;
		};
		E1724D7969E67D1C5D657E0B /* Copy Pods Resources */ = {
			isa = PBXShellScriptBuildPhase;
			buildActionMask = 2147483647;
			files = (
			);
			inputPaths = (
			);
			name = "Copy Pods Resources";
			outputPaths = (
			);
			runOnlyForDeploymentPostprocessing = 0;
			shellPath = /bin/sh;
			shellScript = "\"${SRCROOT}/Pods/Target Support Files/Pods-NSDateCalendarSpec/Pods-NSDateCalendarSpec-resources.sh\"\n";
			showEnvVarsInLog = 0;
		};
/* End PBXShellScriptBuildPhase section */

/* Begin PBXSourcesBuildPhase section */
		FA5866751A4EC8A000FFA830 /* Sources */ = {
			isa = PBXSourcesBuildPhase;
			buildActionMask = 2147483647;
			files = (
				FA5866C61A4ECA0800FFA830 /* NSDate+Compare.m in Sources */,
				FA5866CA1A4ECA0800FFA830 /* NSDate+Month.m in Sources */,
				FA5866CB1A4ECA0800FFA830 /* NSDate+Time.m in Sources */,
				FA5866851A4EC8A000FFA830 /* ViewController.m in Sources */,
				FA5866CC1A4ECA0800FFA830 /* NSDate+Week.m in Sources */,
				FA5866821A4EC8A000FFA830 /* AppDelegate.m in Sources */,
				FA5866CD1A4ECA0800FFA830 /* NSDate+Year.m in Sources */,
				FA5866C81A4ECA0800FFA830 /* NSDate+DateTime.m in Sources */,
				FA5866C91A4ECA0800FFA830 /* NSDate+Day.m in Sources */,
				FA58667F1A4EC8A000FFA830 /* main.m in Sources */,
				FA5866C71A4ECA0800FFA830 /* NSDate+Components.m in Sources */,
			);
			runOnlyForDeploymentPostprocessing = 0;
		};
		FA5866A51A4EC91100FFA830 /* Sources */ = {
			isa = PBXSourcesBuildPhase;
			buildActionMask = 2147483647;
			files = (
				FA27A2F51A4ECBC800D709AE /* NSDate+YearSpec.mm in Sources */,
				FA27A2F21A4ECBC800D709AE /* NSDate+MonthSpec.mm in Sources */,
				FA27A2F11A4ECBC800D709AE /* NSDate+DaySpec.mm in Sources */,
				FA27A2F01A4ECBC800D709AE /* NSDate+DateTimeSpec.mm in Sources */,
				FA27A2F41A4ECBC800D709AE /* NSDate+WeekSpec.mm in Sources */,
				FA27A2F31A4ECBC800D709AE /* NSDate+TimeSpec.mm in Sources */,
				FA27A2FB1A4ECF2200D709AE /* NSDateCalendarTestMock.m in Sources */,
				FA27A2EF1A4ECBC800D709AE /* NSDate+CompareSpec.mm in Sources */,
			);
			runOnlyForDeploymentPostprocessing = 0;
		};
/* End PBXSourcesBuildPhase section */

/* Begin PBXTargetDependency section */
		FA5866B01A4EC91100FFA830 /* PBXTargetDependency */ = {
			isa = PBXTargetDependency;
			target = FA5866781A4EC8A000FFA830 /* NSDateCalendar */;
			targetProxy = FA5866AF1A4EC91100FFA830 /* PBXContainerItemProxy */;
		};
/* End PBXTargetDependency section */

/* Begin PBXVariantGroup section */
		FA5866861A4EC8A000FFA830 /* Main.storyboard */ = {
			isa = PBXVariantGroup;
			children = (
				FA5866871A4EC8A000FFA830 /* Base */,
			);
			name = Main.storyboard;
			sourceTree = "<group>";
		};
		FA58668B1A4EC8A000FFA830 /* LaunchScreen.xib */ = {
			isa = PBXVariantGroup;
			children = (
				FA58668C1A4EC8A000FFA830 /* Base */,
			);
			name = LaunchScreen.xib;
			sourceTree = "<group>";
		};
/* End PBXVariantGroup section */

/* Begin XCBuildConfiguration section */
		FA58669A1A4EC8A000FFA830 /* Debug */ = {
			isa = XCBuildConfiguration;
			buildSettings = {
				ALWAYS_SEARCH_USER_PATHS = NO;
				CLANG_CXX_LANGUAGE_STANDARD = "gnu++0x";
				CLANG_CXX_LIBRARY = "libc++";
				CLANG_ENABLE_MODULES = YES;
				CLANG_ENABLE_OBJC_ARC = YES;
				CLANG_WARN_BOOL_CONVERSION = YES;
				CLANG_WARN_CONSTANT_CONVERSION = YES;
				CLANG_WARN_DIRECT_OBJC_ISA_USAGE = YES_ERROR;
				CLANG_WARN_EMPTY_BODY = YES;
				CLANG_WARN_ENUM_CONVERSION = YES;
				CLANG_WARN_INT_CONVERSION = YES;
				CLANG_WARN_OBJC_ROOT_CLASS = YES_ERROR;
				CLANG_WARN_UNREACHABLE_CODE = YES;
				CLANG_WARN__DUPLICATE_METHOD_MATCH = YES;
				"CODE_SIGN_IDENTITY[sdk=iphoneos*]" = "iPhone Developer";
				COPY_PHASE_STRIP = NO;
				ENABLE_STRICT_OBJC_MSGSEND = YES;
				GCC_C_LANGUAGE_STANDARD = gnu99;
				GCC_DYNAMIC_NO_PIC = NO;
				GCC_OPTIMIZATION_LEVEL = 0;
				GCC_PREPROCESSOR_DEFINITIONS = (
					"DEBUG=1",
					"$(inherited)",
				);
				GCC_SYMBOLS_PRIVATE_EXTERN = NO;
				GCC_WARN_64_TO_32_BIT_CONVERSION = YES;
				GCC_WARN_ABOUT_RETURN_TYPE = YES_ERROR;
				GCC_WARN_UNDECLARED_SELECTOR = YES;
				GCC_WARN_UNINITIALIZED_AUTOS = YES_AGGRESSIVE;
				GCC_WARN_UNUSED_FUNCTION = YES;
				GCC_WARN_UNUSED_VARIABLE = YES;
				IPHONEOS_DEPLOYMENT_TARGET = 6.0;
				MTL_ENABLE_DEBUG_INFO = YES;
				ONLY_ACTIVE_ARCH = YES;
				SDKROOT = iphoneos;
				TARGETED_DEVICE_FAMILY = "1,2";
			};
			name = Debug;
		};
		FA58669B1A4EC8A000FFA830 /* Release */ = {
			isa = XCBuildConfiguration;
			buildSettings = {
				ALWAYS_SEARCH_USER_PATHS = NO;
				CLANG_CXX_LANGUAGE_STANDARD = "gnu++0x";
				CLANG_CXX_LIBRARY = "libc++";
				CLANG_ENABLE_MODULES = YES;
				CLANG_ENABLE_OBJC_ARC = YES;
				CLANG_WARN_BOOL_CONVERSION = YES;
				CLANG_WARN_CONSTANT_CONVERSION = YES;
				CLANG_WARN_DIRECT_OBJC_ISA_USAGE = YES_ERROR;
				CLANG_WARN_EMPTY_BODY = YES;
				CLANG_WARN_ENUM_CONVERSION = YES;
				CLANG_WARN_INT_CONVERSION = YES;
				CLANG_WARN_OBJC_ROOT_CLASS = YES_ERROR;
				CLANG_WARN_UNREACHABLE_CODE = YES;
				CLANG_WARN__DUPLICATE_METHOD_MATCH = YES;
				"CODE_SIGN_IDENTITY[sdk=iphoneos*]" = "iPhone Developer";
				COPY_PHASE_STRIP = YES;
				ENABLE_NS_ASSERTIONS = NO;
				ENABLE_STRICT_OBJC_MSGSEND = YES;
				GCC_C_LANGUAGE_STANDARD = gnu99;
				GCC_WARN_64_TO_32_BIT_CONVERSION = YES;
				GCC_WARN_ABOUT_RETURN_TYPE = YES_ERROR;
				GCC_WARN_UNDECLARED_SELECTOR = YES;
				GCC_WARN_UNINITIALIZED_AUTOS = YES_AGGRESSIVE;
				GCC_WARN_UNUSED_FUNCTION = YES;
				GCC_WARN_UNUSED_VARIABLE = YES;
				IPHONEOS_DEPLOYMENT_TARGET = 6.0;
				MTL_ENABLE_DEBUG_INFO = NO;
				SDKROOT = iphoneos;
				TARGETED_DEVICE_FAMILY = "1,2";
				VALIDATE_PRODUCT = YES;
			};
			name = Release;
		};
		FA58669D1A4EC8A000FFA830 /* Debug */ = {
			isa = XCBuildConfiguration;
			buildSettings = {
				ASSETCATALOG_COMPILER_APPICON_NAME = AppIcon;
				INFOPLIST_FILE = NSDateCalendar/Info.plist;
				IPHONEOS_DEPLOYMENT_TARGET = 6.0;
				LD_RUNPATH_SEARCH_PATHS = "$(inherited) @executable_path/Frameworks";
				PRODUCT_NAME = "$(TARGET_NAME)";
			};
			name = Debug;
		};
		FA58669E1A4EC8A000FFA830 /* Release */ = {
			isa = XCBuildConfiguration;
			buildSettings = {
				ASSETCATALOG_COMPILER_APPICON_NAME = AppIcon;
				INFOPLIST_FILE = NSDateCalendar/Info.plist;
				IPHONEOS_DEPLOYMENT_TARGET = 6.0;
				LD_RUNPATH_SEARCH_PATHS = "$(inherited) @executable_path/Frameworks";
				PRODUCT_NAME = "$(TARGET_NAME)";
			};
			name = Release;
		};
		FA5866B21A4EC91100FFA830 /* Debug */ = {
			isa = XCBuildConfiguration;
			baseConfigurationReference = 02B436490BD985E51E7B557B /* Pods-NSDateCalendarSpec.debug.xcconfig */;
			buildSettings = {
				BUNDLE_LOADER = "$(TEST_HOST)";
				FRAMEWORK_SEARCH_PATHS = (
					"$(SDKROOT)/Developer/Library/Frameworks",
					"$(inherited)",
				);
				GCC_PREFIX_HEADER = "NSDateCalendarSpec/NSDateCalendarSpec-Prefix.pch";
				GCC_PREPROCESSOR_DEFINITIONS = (
					"DEBUG=1",
					"$(inherited)",
				);
				INFOPLIST_FILE = NSDateCalendarSpec/Info.plist;
				LD_RUNPATH_SEARCH_PATHS = "$(inherited) @executable_path/Frameworks @loader_path/Frameworks";
				PRODUCT_NAME = "$(TARGET_NAME)";
				TEST_HOST = "$(BUILT_PRODUCTS_DIR)/NSDateCalendar.app/NSDateCalendar";
			};
			name = Debug;
		};
		FA5866B31A4EC91100FFA830 /* Release */ = {
			isa = XCBuildConfiguration;
			baseConfigurationReference = 113D41021B91FEB2AC53BD55 /* Pods-NSDateCalendarSpec.release.xcconfig */;
			buildSettings = {
				BUNDLE_LOADER = "$(TEST_HOST)";
				FRAMEWORK_SEARCH_PATHS = (
					"$(SDKROOT)/Developer/Library/Frameworks",
					"$(inherited)",
				);
				GCC_PREFIX_HEADER = "NSDateCalendarSpec/NSDateCalendarSpec-Prefix.pch";
				INFOPLIST_FILE = NSDateCalendarSpec/Info.plist;
				LD_RUNPATH_SEARCH_PATHS = "$(inherited) @executable_path/Frameworks @loader_path/Frameworks";
				PRODUCT_NAME = "$(TARGET_NAME)";
				TEST_HOST = "$(BUILT_PRODUCTS_DIR)/NSDateCalendar.app/NSDateCalendar";
			};
			name = Release;
		};
/* End XCBuildConfiguration section */

/* Begin XCConfigurationList section */
		FA5866741A4EC8A000FFA830 /* Build configuration list for PBXProject "NSDateCalendar" */ = {
			isa = XCConfigurationList;
			buildConfigurations = (
				FA58669A1A4EC8A000FFA830 /* Debug */,
				FA58669B1A4EC8A000FFA830 /* Release */,
			);
			defaultConfigurationIsVisible = 0;
			defaultConfigurationName = Release;
		};
		FA58669C1A4EC8A000FFA830 /* Build configuration list for PBXNativeTarget "NSDateCalendar" */ = {
			isa = XCConfigurationList;
			buildConfigurations = (
				FA58669D1A4EC8A000FFA830 /* Debug */,
				FA58669E1A4EC8A000FFA830 /* Release */,
			);
			defaultConfigurationIsVisible = 0;
			defaultConfigurationName = Release;
		};
		FA5866B11A4EC91100FFA830 /* Build configuration list for PBXNativeTarget "NSDateCalendarSpec" */ = {
			isa = XCConfigurationList;
			buildConfigurations = (
				FA5866B21A4EC91100FFA830 /* Debug */,
				FA5866B31A4EC91100FFA830 /* Release */,
			);
			defaultConfigurationIsVisible = 0;
			defaultConfigurationName = Release;
		};
/* End XCConfigurationList section */
	};
	rootObject = FA5866711A4EC8A000FFA830 /* Project object */;
}
