// !$*UTF8*$!
{
	archiveVersion = 1;
	classes = {
	};
	objectVersion = 46;
	objects = {

/* Begin PBXBuildFile section */
		A09191BD02CD4484B1A43EC8 /* libPods.a in Frameworks */ = {isa = PBXBuildFile; fileRef = 3365E293CA4546FE8F17E32E /* libPods.a */; };
		FA185AC317DF677500594F41 /* NSDate+DateTimeSpec.mm in Sources */ = {isa = PBXBuildFile; fileRef = FA185AC217DF677500594F41 /* NSDate+DateTimeSpec.mm */; };
		FA185AC817E0651B00594F41 /* NSDate+CompareSpec.mm in Sources */ = {isa = PBXBuildFile; fileRef = FA185AC717DF6AB300594F41 /* NSDate+CompareSpec.mm */; };
		FA1C5E2317D8B81800B04FEB /* NSDate+WeekSpec.mm in Sources */ = {isa = PBXBuildFile; fileRef = FA1C5E2217D8B81800B04FEB /* NSDate+WeekSpec.mm */; };
		FA3A3CE717ABD59C00E34F28 /* UIKit.framework in Frameworks */ = {isa = PBXBuildFile; fileRef = FA3A3CE617ABD59C00E34F28 /* UIKit.framework */; };
		FA3A3CE917ABD59C00E34F28 /* Foundation.framework in Frameworks */ = {isa = PBXBuildFile; fileRef = FA3A3CE817ABD59C00E34F28 /* Foundation.framework */; };
		FA3A3CEB17ABD59C00E34F28 /* CoreGraphics.framework in Frameworks */ = {isa = PBXBuildFile; fileRef = FA3A3CEA17ABD59C00E34F28 /* CoreGraphics.framework */; };
		FA3A3CF117ABD59C00E34F28 /* InfoPlist.strings in Resources */ = {isa = PBXBuildFile; fileRef = FA3A3CEF17ABD59C00E34F28 /* InfoPlist.strings */; };
		FA3A3CF317ABD59C00E34F28 /* main.m in Sources */ = {isa = PBXBuildFile; fileRef = FA3A3CF217ABD59C00E34F28 /* main.m */; settings = {COMPILER_FLAGS = "-fno-objc-arc"; }; };
		FA3A3CF917ABD59D00E34F28 /* Default.png in Resources */ = {isa = PBXBuildFile; fileRef = FA3A3CF817ABD59D00E34F28 /* Default.png */; };
		FA3A3CFB17ABD59D00E34F28 /* Default@2x.png in Resources */ = {isa = PBXBuildFile; fileRef = FA3A3CFA17ABD59D00E34F28 /* Default@2x.png */; };
		FA3A3CFD17ABD59D00E34F28 /* Default-568h@2x.png in Resources */ = {isa = PBXBuildFile; fileRef = FA3A3CFC17ABD59D00E34F28 /* Default-568h@2x.png */; };
		FA9A341819D7AF4600BDB9AE /* NSDate+Compare.m in Sources */ = {isa = PBXBuildFile; fileRef = FA9A340919D7AF4600BDB9AE /* NSDate+Compare.m */; };
		FA9A341919D7AF4600BDB9AE /* NSDate+Components.m in Sources */ = {isa = PBXBuildFile; fileRef = FA9A340B19D7AF4600BDB9AE /* NSDate+Components.m */; };
		FA9A341A19D7AF4600BDB9AE /* NSDate+DateTime.m in Sources */ = {isa = PBXBuildFile; fileRef = FA9A340D19D7AF4600BDB9AE /* NSDate+DateTime.m */; };
		FA9A341B19D7AF4600BDB9AE /* NSDate+Day.m in Sources */ = {isa = PBXBuildFile; fileRef = FA9A340F19D7AF4600BDB9AE /* NSDate+Day.m */; };
		FA9A341C19D7AF4600BDB9AE /* NSDate+Month.m in Sources */ = {isa = PBXBuildFile; fileRef = FA9A341119D7AF4600BDB9AE /* NSDate+Month.m */; };
		FA9A341D19D7AF4600BDB9AE /* NSDate+Time.m in Sources */ = {isa = PBXBuildFile; fileRef = FA9A341319D7AF4600BDB9AE /* NSDate+Time.m */; };
		FA9A341E19D7AF4600BDB9AE /* NSDate+Week.m in Sources */ = {isa = PBXBuildFile; fileRef = FA9A341519D7AF4600BDB9AE /* NSDate+Week.m */; };
		FA9A341F19D7AF4600BDB9AE /* NSDate+Year.m in Sources */ = {isa = PBXBuildFile; fileRef = FA9A341719D7AF4600BDB9AE /* NSDate+Year.m */; };
		FACD4D0217D759B000CCA94C /* NSDate+MonthSpec.mm in Sources */ = {isa = PBXBuildFile; fileRef = FACD4D0117D759B000CCA94C /* NSDate+MonthSpec.mm */; };
		FACD4D0717D7797200CCA94C /* NSDate+YearSpec.mm in Sources */ = {isa = PBXBuildFile; fileRef = FACD4D0617D7797200CCA94C /* NSDate+YearSpec.mm */; };
		FAD6D21417D5CB2A006B4B1E /* NSDate+TimeSpec.mm in Sources */ = {isa = PBXBuildFile; fileRef = FAD6D21317D5CB2A006B4B1E /* NSDate+TimeSpec.mm */; };
		FAD6D21617D66D46006B4B1E /* NSDate+DaySpec.mm in Sources */ = {isa = PBXBuildFile; fileRef = FAD6D21517D66D46006B4B1E /* NSDate+DaySpec.mm */; };
/* End PBXBuildFile section */

/* Begin PBXFileReference section */
		3365E293CA4546FE8F17E32E /* libPods.a */ = {isa = PBXFileReference; explicitFileType = archive.ar; includeInIndex = 0; path = libPods.a; sourceTree = BUILT_PRODUCTS_DIR; };
		8E2CA88B81A1AAFF095A6E72 /* Pods.debug.xcconfig */ = {isa = PBXFileReference; includeInIndex = 1; lastKnownFileType = text.xcconfig; name = Pods.debug.xcconfig; path = "Pods/Target Support Files/Pods/Pods.debug.xcconfig"; sourceTree = "<group>"; };
		C4EF82059451CB50B0EDE27E /* Pods.release.xcconfig */ = {isa = PBXFileReference; includeInIndex = 1; lastKnownFileType = text.xcconfig; name = Pods.release.xcconfig; path = "Pods/Target Support Files/Pods/Pods.release.xcconfig"; sourceTree = "<group>"; };
		FA185AC217DF677500594F41 /* NSDate+DateTimeSpec.mm */ = {isa = PBXFileReference; fileEncoding = 4; lastKnownFileType = sourcecode.cpp.objcpp; path = "NSDate+DateTimeSpec.mm"; sourceTree = "<group>"; };
		FA185AC717DF6AB300594F41 /* NSDate+CompareSpec.mm */ = {isa = PBXFileReference; lastKnownFileType = sourcecode.cpp.objcpp; path = "NSDate+CompareSpec.mm"; sourceTree = "<group>"; };
		FA1C5E2217D8B81800B04FEB /* NSDate+WeekSpec.mm */ = {isa = PBXFileReference; fileEncoding = 4; lastKnownFileType = sourcecode.cpp.objcpp; path = "NSDate+WeekSpec.mm"; sourceTree = "<group>"; };
		FA3A3CE317ABD59C00E34F28 /* NSDateCategoriesSpec.app */ = {isa = PBXFileReference; explicitFileType = wrapper.application; includeInIndex = 0; path = NSDateCategoriesSpec.app; sourceTree = BUILT_PRODUCTS_DIR; };
		FA3A3CE617ABD59C00E34F28 /* UIKit.framework */ = {isa = PBXFileReference; lastKnownFileType = wrapper.framework; name = UIKit.framework; path = System/Library/Frameworks/UIKit.framework; sourceTree = SDKROOT; };
		FA3A3CE817ABD59C00E34F28 /* Foundation.framework */ = {isa = PBXFileReference; lastKnownFileType = wrapper.framework; name = Foundation.framework; path = System/Library/Frameworks/Foundation.framework; sourceTree = SDKROOT; };
		FA3A3CEA17ABD59C00E34F28 /* CoreGraphics.framework */ = {isa = PBXFileReference; lastKnownFileType = wrapper.framework; name = CoreGraphics.framework; path = System/Library/Frameworks/CoreGraphics.framework; sourceTree = SDKROOT; };
		FA3A3CEE17ABD59C00E34F28 /* NSDateCategoriesSpec-Info.plist */ = {isa = PBXFileReference; lastKnownFileType = text.plist.xml; path = "NSDateCategoriesSpec-Info.plist"; sourceTree = "<group>"; };
		FA3A3CF017ABD59C00E34F28 /* en */ = {isa = PBXFileReference; lastKnownFileType = text.plist.strings; name = en; path = en.lproj/InfoPlist.strings; sourceTree = "<group>"; };
		FA3A3CF217ABD59C00E34F28 /* main.m */ = {isa = PBXFileReference; lastKnownFileType = sourcecode.c.objc; path = main.m; sourceTree = "<group>"; };
		FA3A3CF417ABD59D00E34F28 /* NSDateCategoriesSpec-Prefix.pch */ = {isa = PBXFileReference; lastKnownFileType = sourcecode.c.h; path = "NSDateCategoriesSpec-Prefix.pch"; sourceTree = "<group>"; };
		FA3A3CF817ABD59D00E34F28 /* Default.png */ = {isa = PBXFileReference; lastKnownFileType = image.png; path = Default.png; sourceTree = "<group>"; };
		FA3A3CFA17ABD59D00E34F28 /* Default@2x.png */ = {isa = PBXFileReference; lastKnownFileType = image.png; path = "Default@2x.png"; sourceTree = "<group>"; };
		FA3A3CFC17ABD59D00E34F28 /* Default-568h@2x.png */ = {isa = PBXFileReference; lastKnownFileType = image.png; path = "Default-568h@2x.png"; sourceTree = "<group>"; };
		FA9A340719D7AF4600BDB9AE /* NSDate+Calendar.h */ = {isa = PBXFileReference; fileEncoding = 4; lastKnownFileType = sourcecode.c.h; path = "NSDate+Calendar.h"; sourceTree = "<group>"; };
		FA9A340819D7AF4600BDB9AE /* NSDate+Compare.h */ = {isa = PBXFileReference; fileEncoding = 4; lastKnownFileType = sourcecode.c.h; path = "NSDate+Compare.h"; sourceTree = "<group>"; };
		FA9A340919D7AF4600BDB9AE /* NSDate+Compare.m */ = {isa = PBXFileReference; fileEncoding = 4; lastKnownFileType = sourcecode.c.objc; path = "NSDate+Compare.m"; sourceTree = "<group>"; };
		FA9A340A19D7AF4600BDB9AE /* NSDate+Components.h */ = {isa = PBXFileReference; fileEncoding = 4; lastKnownFileType = sourcecode.c.h; path = "NSDate+Components.h"; sourceTree = "<group>"; };
		FA9A340B19D7AF4600BDB9AE /* NSDate+Components.m */ = {isa = PBXFileReference; fileEncoding = 4; lastKnownFileType = sourcecode.c.objc; path = "NSDate+Components.m"; sourceTree = "<group>"; };
		FA9A340C19D7AF4600BDB9AE /* NSDate+DateTime.h */ = {isa = PBXFileReference; fileEncoding = 4; lastKnownFileType = sourcecode.c.h; path = "NSDate+DateTime.h"; sourceTree = "<group>"; };
		FA9A340D19D7AF4600BDB9AE /* NSDate+DateTime.m */ = {isa = PBXFileReference; fileEncoding = 4; lastKnownFileType = sourcecode.c.objc; path = "NSDate+DateTime.m"; sourceTree = "<group>"; };
		FA9A340E19D7AF4600BDB9AE /* NSDate+Day.h */ = {isa = PBXFileReference; fileEncoding = 4; lastKnownFileType = sourcecode.c.h; path = "NSDate+Day.h"; sourceTree = "<group>"; };
		FA9A340F19D7AF4600BDB9AE /* NSDate+Day.m */ = {isa = PBXFileReference; fileEncoding = 4; lastKnownFileType = sourcecode.c.objc; path = "NSDate+Day.m"; sourceTree = "<group>"; };
		FA9A341019D7AF4600BDB9AE /* NSDate+Month.h */ = {isa = PBXFileReference; fileEncoding = 4; lastKnownFileType = sourcecode.c.h; path = "NSDate+Month.h"; sourceTree = "<group>"; };
		FA9A341119D7AF4600BDB9AE /* NSDate+Month.m */ = {isa = PBXFileReference; fileEncoding = 4; lastKnownFileType = sourcecode.c.objc; path = "NSDate+Month.m"; sourceTree = "<group>"; };
		FA9A341219D7AF4600BDB9AE /* NSDate+Time.h */ = {isa = PBXFileReference; fileEncoding = 4; lastKnownFileType = sourcecode.c.h; path = "NSDate+Time.h"; sourceTree = "<group>"; };
		FA9A341319D7AF4600BDB9AE /* NSDate+Time.m */ = {isa = PBXFileReference; fileEncoding = 4; lastKnownFileType = sourcecode.c.objc; path = "NSDate+Time.m"; sourceTree = "<group>"; };
		FA9A341419D7AF4600BDB9AE /* NSDate+Week.h */ = {isa = PBXFileReference; fileEncoding = 4; lastKnownFileType = sourcecode.c.h; path = "NSDate+Week.h"; sourceTree = "<group>"; };
		FA9A341519D7AF4600BDB9AE /* NSDate+Week.m */ = {isa = PBXFileReference; fileEncoding = 4; lastKnownFileType = sourcecode.c.objc; path = "NSDate+Week.m"; sourceTree = "<group>"; };
		FA9A341619D7AF4600BDB9AE /* NSDate+Year.h */ = {isa = PBXFileReference; fileEncoding = 4; lastKnownFileType = sourcecode.c.h; path = "NSDate+Year.h"; sourceTree = "<group>"; };
		FA9A341719D7AF4600BDB9AE /* NSDate+Year.m */ = {isa = PBXFileReference; fileEncoding = 4; lastKnownFileType = sourcecode.c.objc; path = "NSDate+Year.m"; sourceTree = "<group>"; };
		FACD4D0117D759B000CCA94C /* NSDate+MonthSpec.mm */ = {isa = PBXFileReference; fileEncoding = 4; lastKnownFileType = sourcecode.cpp.objcpp; path = "NSDate+MonthSpec.mm"; sourceTree = "<group>"; };
		FACD4D0617D7797200CCA94C /* NSDate+YearSpec.mm */ = {isa = PBXFileReference; fileEncoding = 4; lastKnownFileType = sourcecode.cpp.objcpp; path = "NSDate+YearSpec.mm"; sourceTree = "<group>"; };
		FAD6D21317D5CB2A006B4B1E /* NSDate+TimeSpec.mm */ = {isa = PBXFileReference; fileEncoding = 4; lastKnownFileType = sourcecode.cpp.objcpp; path = "NSDate+TimeSpec.mm"; sourceTree = "<group>"; };
		FAD6D21517D66D46006B4B1E /* NSDate+DaySpec.mm */ = {isa = PBXFileReference; fileEncoding = 4; lastKnownFileType = sourcecode.cpp.objcpp; path = "NSDate+DaySpec.mm"; sourceTree = "<group>"; };
/* End PBXFileReference section */

/* Begin PBXFrameworksBuildPhase section */
		FA3A3CE017ABD59C00E34F28 /* Frameworks */ = {
			isa = PBXFrameworksBuildPhase;
			buildActionMask = 2147483647;
			files = (
				FA3A3CE717ABD59C00E34F28 /* UIKit.framework in Frameworks */,
				FA3A3CE917ABD59C00E34F28 /* Foundation.framework in Frameworks */,
				FA3A3CEB17ABD59C00E34F28 /* CoreGraphics.framework in Frameworks */,
				A09191BD02CD4484B1A43EC8 /* libPods.a in Frameworks */,
			);
			runOnlyForDeploymentPostprocessing = 0;
		};
/* End PBXFrameworksBuildPhase section */

/* Begin PBXGroup section */
		F06B83177E9F908C7356C75B /* Pods */ = {
			isa = PBXGroup;
			children = (
				8E2CA88B81A1AAFF095A6E72 /* Pods.debug.xcconfig */,
				C4EF82059451CB50B0EDE27E /* Pods.release.xcconfig */,
			);
			name = Pods;
			sourceTree = "<group>";
		};
		FA3A3CDA17ABD59C00E34F28 = {
			isa = PBXGroup;
			children = (
				FA9A340619D7AF4600BDB9AE /* Pod */,
				FA3A3CEC17ABD59C00E34F28 /* NSDateCategoriesSpec */,
				FA3A3CE517ABD59C00E34F28 /* Frameworks */,
				FA3A3CE417ABD59C00E34F28 /* Products */,
				F06B83177E9F908C7356C75B /* Pods */,
			);
			sourceTree = "<group>";
		};
		FA3A3CE417ABD59C00E34F28 /* Products */ = {
			isa = PBXGroup;
			children = (
				FA3A3CE317ABD59C00E34F28 /* NSDateCategoriesSpec.app */,
			);
			name = Products;
			sourceTree = "<group>";
		};
		FA3A3CE517ABD59C00E34F28 /* Frameworks */ = {
			isa = PBXGroup;
			children = (
				FA3A3CE617ABD59C00E34F28 /* UIKit.framework */,
				FA3A3CE817ABD59C00E34F28 /* Foundation.framework */,
				FA3A3CEA17ABD59C00E34F28 /* CoreGraphics.framework */,
				3365E293CA4546FE8F17E32E /* libPods.a */,
			);
			name = Frameworks;
			sourceTree = "<group>";
		};
		FA3A3CEC17ABD59C00E34F28 /* NSDateCategoriesSpec */ = {
			isa = PBXGroup;
			children = (
				FA3A3D0317ABD7B200E34F28 /* Spec */,
				FA3A3CED17ABD59C00E34F28 /* Supporting Files */,
			);
			path = NSDateCategoriesSpec;
			sourceTree = "<group>";
		};
		FA3A3CED17ABD59C00E34F28 /* Supporting Files */ = {
			isa = PBXGroup;
			children = (
				FA3A3CEE17ABD59C00E34F28 /* NSDateCategoriesSpec-Info.plist */,
				FA3A3CEF17ABD59C00E34F28 /* InfoPlist.strings */,
				FA3A3CF217ABD59C00E34F28 /* main.m */,
				FA3A3CF417ABD59D00E34F28 /* NSDateCategoriesSpec-Prefix.pch */,
				FA3A3CF817ABD59D00E34F28 /* Default.png */,
				FA3A3CFA17ABD59D00E34F28 /* Default@2x.png */,
				FA3A3CFC17ABD59D00E34F28 /* Default-568h@2x.png */,
			);
			name = "Supporting Files";
			sourceTree = "<group>";
		};
		FA3A3D0317ABD7B200E34F28 /* Spec */ = {
			isa = PBXGroup;
			children = (
				FA185AC717DF6AB300594F41 /* NSDate+CompareSpec.mm */,
				FACD4D0617D7797200CCA94C /* NSDate+YearSpec.mm */,
				FACD4D0117D759B000CCA94C /* NSDate+MonthSpec.mm */,
				FAD6D21517D66D46006B4B1E /* NSDate+DaySpec.mm */,
				FA1C5E2217D8B81800B04FEB /* NSDate+WeekSpec.mm */,
				FAD6D21317D5CB2A006B4B1E /* NSDate+TimeSpec.mm */,
				FA185AC217DF677500594F41 /* NSDate+DateTimeSpec.mm */,
			);
			name = Spec;
			sourceTree = "<group>";
		};
		FA9A340619D7AF4600BDB9AE /* Pod */ = {
			isa = PBXGroup;
			children = (
				FA9A340719D7AF4600BDB9AE /* NSDate+Calendar.h */,
				FA9A340819D7AF4600BDB9AE /* NSDate+Compare.h */,
				FA9A340919D7AF4600BDB9AE /* NSDate+Compare.m */,
				FA9A340A19D7AF4600BDB9AE /* NSDate+Components.h */,
				FA9A340B19D7AF4600BDB9AE /* NSDate+Components.m */,
				FA9A340C19D7AF4600BDB9AE /* NSDate+DateTime.h */,
				FA9A340D19D7AF4600BDB9AE /* NSDate+DateTime.m */,
				FA9A340E19D7AF4600BDB9AE /* NSDate+Day.h */,
				FA9A340F19D7AF4600BDB9AE /* NSDate+Day.m */,
				FA9A341019D7AF4600BDB9AE /* NSDate+Month.h */,
				FA9A341119D7AF4600BDB9AE /* NSDate+Month.m */,
				FA9A341219D7AF4600BDB9AE /* NSDate+Time.h */,
				FA9A341319D7AF4600BDB9AE /* NSDate+Time.m */,
				FA9A341419D7AF4600BDB9AE /* NSDate+Week.h */,
				FA9A341519D7AF4600BDB9AE /* NSDate+Week.m */,
				FA9A341619D7AF4600BDB9AE /* NSDate+Year.h */,
				FA9A341719D7AF4600BDB9AE /* NSDate+Year.m */,
			);
			name = Pod;
			path = ../Pod;
			sourceTree = "<group>";
		};
/* End PBXGroup section */

/* Begin PBXNativeTarget section */
		FA3A3CE217ABD59C00E34F28 /* NSDateCategoriesSpec */ = {
			isa = PBXNativeTarget;
			buildConfigurationList = FA3A3D0017ABD59D00E34F28 /* Build configuration list for PBXNativeTarget "NSDateCategoriesSpec" */;
			buildPhases = (
				2F905142B2F741309DE675F0 /* Check Pods Manifest.lock */,
				FA3A3CDF17ABD59C00E34F28 /* Sources */,
				FA3A3CE017ABD59C00E34F28 /* Frameworks */,
				FA3A3CE117ABD59C00E34F28 /* Resources */,
				481DF5AD980D45C1A213C506 /* Copy Pods Resources */,
			);
			buildRules = (
			);
			dependencies = (
			);
			name = NSDateCategoriesSpec;
			productName = NSDateCategoriesSpec;
			productReference = FA3A3CE317ABD59C00E34F28 /* NSDateCategoriesSpec.app */;
			productType = "com.apple.product-type.application";
		};
/* End PBXNativeTarget section */

/* Begin PBXProject section */
		FA3A3CDB17ABD59C00E34F28 /* Project object */ = {
			isa = PBXProject;
			attributes = {
				LastUpgradeCheck = 0460;
				ORGANIZATIONNAME = okolodev;
			};
			buildConfigurationList = FA3A3CDE17ABD59C00E34F28 /* Build configuration list for PBXProject "NSDateCategoriesSpec" */;
			compatibilityVersion = "Xcode 3.2";
			developmentRegion = English;
			hasScannedForEncodings = 0;
			knownRegions = (
				en,
			);
			mainGroup = FA3A3CDA17ABD59C00E34F28;
			productRefGroup = FA3A3CE417ABD59C00E34F28 /* Products */;
			projectDirPath = "";
			projectRoot = "";
			targets = (
				FA3A3CE217ABD59C00E34F28 /* NSDateCategoriesSpec */,
			);
		};
/* End PBXProject section */

/* Begin PBXResourcesBuildPhase section */
		FA3A3CE117ABD59C00E34F28 /* Resources */ = {
			isa = PBXResourcesBuildPhase;
			buildActionMask = 2147483647;
			files = (
				FA3A3CF117ABD59C00E34F28 /* InfoPlist.strings in Resources */,
				FA3A3CF917ABD59D00E34F28 /* Default.png in Resources */,
				FA3A3CFB17ABD59D00E34F28 /* Default@2x.png in Resources */,
				FA3A3CFD17ABD59D00E34F28 /* Default-568h@2x.png in Resources */,
			);
			runOnlyForDeploymentPostprocessing = 0;
		};
/* End PBXResourcesBuildPhase section */

/* Begin PBXShellScriptBuildPhase section */
		2F905142B2F741309DE675F0 /* Check Pods Manifest.lock */ = {
			isa = PBXShellScriptBuildPhase;
			buildActionMask = 2147483647;
			files = (
			);
			inputPaths = (
			);
			name = "Check Pods Manifest.lock";
			outputPaths = (
			);
			runOnlyForDeploymentPostprocessing = 0;
			shellPath = /bin/sh;
			shellScript = "diff \"${PODS_ROOT}/../Podfile.lock\" \"${PODS_ROOT}/Manifest.lock\" > /dev/null\nif [[ $? != 0 ]] ; then\n    cat << EOM\nerror: The sandbox is not in sync with the Podfile.lock. Run 'pod install' or update your CocoaPods installation.\nEOM\n    exit 1\nfi\n";
			showEnvVarsInLog = 0;
		};
		481DF5AD980D45C1A213C506 /* Copy Pods Resources */ = {
			isa = PBXShellScriptBuildPhase;
			buildActionMask = 2147483647;
			files = (
			);
			inputPaths = (
			);
			name = "Copy Pods Resources";
			outputPaths = (
			);
			runOnlyForDeploymentPostprocessing = 0;
			shellPath = /bin/sh;
			shellScript = "\"${SRCROOT}/Pods/Target Support Files/Pods/Pods-resources.sh\"\n";
			showEnvVarsInLog = 0;
		};
/* End PBXShellScriptBuildPhase section */

/* Begin PBXSourcesBuildPhase section */
		FA3A3CDF17ABD59C00E34F28 /* Sources */ = {
			isa = PBXSourcesBuildPhase;
			buildActionMask = 2147483647;
			files = (
				FA3A3CF317ABD59C00E34F28 /* main.m in Sources */,
				FA9A341A19D7AF4600BDB9AE /* NSDate+DateTime.m in Sources */,
				FAD6D21417D5CB2A006B4B1E /* NSDate+TimeSpec.mm in Sources */,
				FA9A341F19D7AF4600BDB9AE /* NSDate+Year.m in Sources */,
				FAD6D21617D66D46006B4B1E /* NSDate+DaySpec.mm in Sources */,
				FACD4D0217D759B000CCA94C /* NSDate+MonthSpec.mm in Sources */,
				FA9A341919D7AF4600BDB9AE /* NSDate+Components.m in Sources */,
				FA9A341C19D7AF4600BDB9AE /* NSDate+Month.m in Sources */,
				FA9A341D19D7AF4600BDB9AE /* NSDate+Time.m in Sources */,
				FACD4D0717D7797200CCA94C /* NSDate+YearSpec.mm in Sources */,
				FA9A341B19D7AF4600BDB9AE /* NSDate+Day.m in Sources */,
				FA1C5E2317D8B81800B04FEB /* NSDate+WeekSpec.mm in Sources */,
				FA185AC317DF677500594F41 /* NSDate+DateTimeSpec.mm in Sources */,
				FA9A341819D7AF4600BDB9AE /* NSDate+Compare.m in Sources */,
				FA185AC817E0651B00594F41 /* NSDate+CompareSpec.mm in Sources */,
				FA9A341E19D7AF4600BDB9AE /* NSDate+Week.m in Sources */,
			);
			runOnlyForDeploymentPostprocessing = 0;
		};
/* End PBXSourcesBuildPhase section */

/* Begin PBXVariantGroup section */
		FA3A3CEF17ABD59C00E34F28 /* InfoPlist.strings */ = {
			isa = PBXVariantGroup;
			children = (
				FA3A3CF017ABD59C00E34F28 /* en */,
			);
			name = InfoPlist.strings;
			sourceTree = "<group>";
		};
/* End PBXVariantGroup section */

/* Begin XCBuildConfiguration section */
		FA3A3CFE17ABD59D00E34F28 /* Debug */ = {
			isa = XCBuildConfiguration;
			buildSettings = {
				ALWAYS_SEARCH_USER_PATHS = NO;
				CLANG_CXX_LANGUAGE_STANDARD = "gnu++0x";
				CLANG_CXX_LIBRARY = "libc++";
				CLANG_WARN_CONSTANT_CONVERSION = YES;
				CLANG_WARN_EMPTY_BODY = YES;
				CLANG_WARN_ENUM_CONVERSION = YES;
				CLANG_WARN_INT_CONVERSION = YES;
				CLANG_WARN__DUPLICATE_METHOD_MATCH = YES;
				"CODE_SIGN_IDENTITY[sdk=iphoneos*]" = "iPhone Developer";
				COPY_PHASE_STRIP = NO;
				GCC_C_LANGUAGE_STANDARD = gnu99;
				GCC_DYNAMIC_NO_PIC = NO;
				GCC_OPTIMIZATION_LEVEL = 0;
				GCC_PREPROCESSOR_DEFINITIONS = (
					"DEBUG=1",
					"$(inherited)",
				);
				GCC_SYMBOLS_PRIVATE_EXTERN = NO;
				GCC_WARN_ABOUT_RETURN_TYPE = YES;
				GCC_WARN_UNINITIALIZED_AUTOS = YES;
				GCC_WARN_UNUSED_VARIABLE = YES;
				IPHONEOS_DEPLOYMENT_TARGET = 6.1;
				ONLY_ACTIVE_ARCH = YES;
				SDKROOT = iphoneos;
			};
			name = Debug;
		};
		FA3A3CFF17ABD59D00E34F28 /* Release */ = {
			isa = XCBuildConfiguration;
			buildSettings = {
				ALWAYS_SEARCH_USER_PATHS = NO;
				CLANG_CXX_LANGUAGE_STANDARD = "gnu++0x";
				CLANG_CXX_LIBRARY = "libc++";
				CLANG_WARN_CONSTANT_CONVERSION = YES;
				CLANG_WARN_EMPTY_BODY = YES;
				CLANG_WARN_ENUM_CONVERSION = YES;
				CLANG_WARN_INT_CONVERSION = YES;
				CLANG_WARN__DUPLICATE_METHOD_MATCH = YES;
				"CODE_SIGN_IDENTITY[sdk=iphoneos*]" = "iPhone Developer";
				COPY_PHASE_STRIP = YES;
				GCC_C_LANGUAGE_STANDARD = gnu99;
				GCC_WARN_ABOUT_RETURN_TYPE = YES;
				GCC_WARN_UNINITIALIZED_AUTOS = YES;
				GCC_WARN_UNUSED_VARIABLE = YES;
				IPHONEOS_DEPLOYMENT_TARGET = 6.1;
				OTHER_CFLAGS = "-DNS_BLOCK_ASSERTIONS=1";
				SDKROOT = iphoneos;
				VALIDATE_PRODUCT = YES;
			};
			name = Release;
		};
		FA3A3D0117ABD59D00E34F28 /* Debug */ = {
			isa = XCBuildConfiguration;
			baseConfigurationReference = 8E2CA88B81A1AAFF095A6E72 /* Pods.debug.xcconfig */;
			buildSettings = {
				CLANG_ENABLE_OBJC_ARC = YES;
				GCC_PRECOMPILE_PREFIX_HEADER = YES;
				GCC_PREFIX_HEADER = "NSDateCategoriesSpec/NSDateCategoriesSpec-Prefix.pch";
				INFOPLIST_FILE = "NSDateCategoriesSpec/NSDateCategoriesSpec-Info.plist";
				PRODUCT_NAME = "$(TARGET_NAME)";
				WRAPPER_EXTENSION = app;
			};
			name = Debug;
		};
		FA3A3D0217ABD59D00E34F28 /* Release */ = {
			isa = XCBuildConfiguration;
			baseConfigurationReference = C4EF82059451CB50B0EDE27E /* Pods.release.xcconfig */;
			buildSettings = {
				CLANG_ENABLE_OBJC_ARC = YES;
				GCC_PRECOMPILE_PREFIX_HEADER = YES;
				GCC_PREFIX_HEADER = "NSDateCategoriesSpec/NSDateCategoriesSpec-Prefix.pch";
				INFOPLIST_FILE = "NSDateCategoriesSpec/NSDateCategoriesSpec-Info.plist";
				PRODUCT_NAME = "$(TARGET_NAME)";
				WRAPPER_EXTENSION = app;
			};
			name = Release;
		};
/* End XCBuildConfiguration section */

/* Begin XCConfigurationList section */
		FA3A3CDE17ABD59C00E34F28 /* Build configuration list for PBXProject "NSDateCategoriesSpec" */ = {
			isa = XCConfigurationList;
			buildConfigurations = (
				FA3A3CFE17ABD59D00E34F28 /* Debug */,
				FA3A3CFF17ABD59D00E34F28 /* Release */,
			);
			defaultConfigurationIsVisible = 0;
			defaultConfigurationName = Release;
		};
		FA3A3D0017ABD59D00E34F28 /* Build configuration list for PBXNativeTarget "NSDateCategoriesSpec" */ = {
			isa = XCConfigurationList;
			buildConfigurations = (
				FA3A3D0117ABD59D00E34F28 /* Debug */,
				FA3A3D0217ABD59D00E34F28 /* Release */,
			);
			defaultConfigurationIsVisible = 0;
			defaultConfigurationName = Release;
		};
/* End XCConfigurationList section */
	};
	rootObject = FA3A3CDB17ABD59C00E34F28 /* Project object */;
}
