// !$*UTF8*$!
{
	archiveVersion = 1;
	classes = {
	};
	objectVersion = 46;
	objects = {

/* Begin PBXBuildFile section */
		A09191BD02CD4484B1A43EC8 /* libPods.a in Frameworks */ = {isa = PBXBuildFile; fileRef = 3365E293CA4546FE8F17E32E /* libPods.a */; };
		FA3A3CE717ABD59C00E34F28 /* UIKit.framework in Frameworks */ = {isa = PBXBuildFile; fileRef = FA3A3CE617ABD59C00E34F28 /* UIKit.framework */; };
		FA3A3CE917ABD59C00E34F28 /* Foundation.framework in Frameworks */ = {isa = PBXBuildFile; fileRef = FA3A3CE817ABD59C00E34F28 /* Foundation.framework */; };
		FA3A3CEB17ABD59C00E34F28 /* CoreGraphics.framework in Frameworks */ = {isa = PBXBuildFile; fileRef = FA3A3CEA17ABD59C00E34F28 /* CoreGraphics.framework */; };
		FA3A3CF117ABD59C00E34F28 /* InfoPlist.strings in Resources */ = {isa = PBXBuildFile; fileRef = FA3A3CEF17ABD59C00E34F28 /* InfoPlist.strings */; };
		FA3A3CF317ABD59C00E34F28 /* main.m in Sources */ = {isa = PBXBuildFile; fileRef = FA3A3CF217ABD59C00E34F28 /* main.m */; settings = {COMPILER_FLAGS = "-fno-objc-arc"; }; };
		FA3A3CF917ABD59D00E34F28 /* Default.png in Resources */ = {isa = PBXBuildFile; fileRef = FA3A3CF817ABD59D00E34F28 /* Default.png */; };
		FA3A3CFB17ABD59D00E34F28 /* Default@2x.png in Resources */ = {isa = PBXBuildFile; fileRef = FA3A3CFA17ABD59D00E34F28 /* Default@2x.png */; };
		FA3A3CFD17ABD59D00E34F28 /* Default-568h@2x.png in Resources */ = {isa = PBXBuildFile; fileRef = FA3A3CFC17ABD59D00E34F28 /* Default-568h@2x.png */; };
		FA3A3D1217ABD7DA00E34F28 /* NSDate+Components.m in Sources */ = {isa = PBXBuildFile; fileRef = FA3A3D0817ABD7DA00E34F28 /* NSDate+Components.m */; };
		FA3A3D1417ABD7DA00E34F28 /* NSDate+Day.m in Sources */ = {isa = PBXBuildFile; fileRef = FA3A3D0C17ABD7DA00E34F28 /* NSDate+Day.m */; };
		FA3A3D1617ABD7DA00E34F28 /* NSDate+Week.m in Sources */ = {isa = PBXBuildFile; fileRef = FA3A3D1017ABD7DA00E34F28 /* NSDate+Week.m */; };
		FAD6D21217D5C9D6006B4B1E /* NSDate+Time.m in Sources */ = {isa = PBXBuildFile; fileRef = FAD6D21117D5C9D6006B4B1E /* NSDate+Time.m */; };
		FAD6D21417D5CB2A006B4B1E /* NSDate+TimeSpec.mm in Sources */ = {isa = PBXBuildFile; fileRef = FAD6D21317D5CB2A006B4B1E /* NSDate+TimeSpec.mm */; };
		FAD6D21617D66D46006B4B1E /* NSDate+DaySpec.mm in Sources */ = {isa = PBXBuildFile; fileRef = FAD6D21517D66D46006B4B1E /* NSDate+DaySpec.mm */; };
/* End PBXBuildFile section */

/* Begin PBXFileReference section */
		3365E293CA4546FE8F17E32E /* libPods.a */ = {isa = PBXFileReference; explicitFileType = archive.ar; includeInIndex = 0; path = libPods.a; sourceTree = BUILT_PRODUCTS_DIR; };
		AB806A60F67E4DC691C293D0 /* Pods.xcconfig */ = {isa = PBXFileReference; includeInIndex = 1; lastKnownFileType = text.xcconfig; name = Pods.xcconfig; path = Pods/Pods.xcconfig; sourceTree = SOURCE_ROOT; };
		FA3A3CE317ABD59C00E34F28 /* NSDateCategoriesSpec.app */ = {isa = PBXFileReference; explicitFileType = wrapper.application; includeInIndex = 0; path = NSDateCategoriesSpec.app; sourceTree = BUILT_PRODUCTS_DIR; };
		FA3A3CE617ABD59C00E34F28 /* UIKit.framework */ = {isa = PBXFileReference; lastKnownFileType = wrapper.framework; name = UIKit.framework; path = System/Library/Frameworks/UIKit.framework; sourceTree = SDKROOT; };
		FA3A3CE817ABD59C00E34F28 /* Foundation.framework */ = {isa = PBXFileReference; lastKnownFileType = wrapper.framework; name = Foundation.framework; path = System/Library/Frameworks/Foundation.framework; sourceTree = SDKROOT; };
		FA3A3CEA17ABD59C00E34F28 /* CoreGraphics.framework */ = {isa = PBXFileReference; lastKnownFileType = wrapper.framework; name = CoreGraphics.framework; path = System/Library/Frameworks/CoreGraphics.framework; sourceTree = SDKROOT; };
		FA3A3CEE17ABD59C00E34F28 /* NSDateCategoriesSpec-Info.plist */ = {isa = PBXFileReference; lastKnownFileType = text.plist.xml; path = "NSDateCategoriesSpec-Info.plist"; sourceTree = "<group>"; };
		FA3A3CF017ABD59C00E34F28 /* en */ = {isa = PBXFileReference; lastKnownFileType = text.plist.strings; name = en; path = en.lproj/InfoPlist.strings; sourceTree = "<group>"; };
		FA3A3CF217ABD59C00E34F28 /* main.m */ = {isa = PBXFileReference; lastKnownFileType = sourcecode.c.objc; path = main.m; sourceTree = "<group>"; };
		FA3A3CF417ABD59D00E34F28 /* NSDateCategoriesSpec-Prefix.pch */ = {isa = PBXFileReference; lastKnownFileType = sourcecode.c.h; path = "NSDateCategoriesSpec-Prefix.pch"; sourceTree = "<group>"; };
		FA3A3CF817ABD59D00E34F28 /* Default.png */ = {isa = PBXFileReference; lastKnownFileType = image.png; path = Default.png; sourceTree = "<group>"; };
		FA3A3CFA17ABD59D00E34F28 /* Default@2x.png */ = {isa = PBXFileReference; lastKnownFileType = image.png; path = "Default@2x.png"; sourceTree = "<group>"; };
		FA3A3CFC17ABD59D00E34F28 /* Default-568h@2x.png */ = {isa = PBXFileReference; lastKnownFileType = image.png; path = "Default-568h@2x.png"; sourceTree = "<group>"; };
		FA3A3D0717ABD7DA00E34F28 /* NSDate+Components.h */ = {isa = PBXFileReference; fileEncoding = 4; lastKnownFileType = sourcecode.c.h; path = "NSDate+Components.h"; sourceTree = "<group>"; };
		FA3A3D0817ABD7DA00E34F28 /* NSDate+Components.m */ = {isa = PBXFileReference; fileEncoding = 4; lastKnownFileType = sourcecode.c.objc; path = "NSDate+Components.m"; sourceTree = "<group>"; };
		FA3A3D0B17ABD7DA00E34F28 /* NSDate+Day.h */ = {isa = PBXFileReference; fileEncoding = 4; lastKnownFileType = sourcecode.c.h; path = "NSDate+Day.h"; sourceTree = "<group>"; };
		FA3A3D0C17ABD7DA00E34F28 /* NSDate+Day.m */ = {isa = PBXFileReference; fileEncoding = 4; lastKnownFileType = sourcecode.c.objc; path = "NSDate+Day.m"; sourceTree = "<group>"; };
		FA3A3D0F17ABD7DA00E34F28 /* NSDate+Week.h */ = {isa = PBXFileReference; fileEncoding = 4; lastKnownFileType = sourcecode.c.h; path = "NSDate+Week.h"; sourceTree = "<group>"; };
		FA3A3D1017ABD7DA00E34F28 /* NSDate+Week.m */ = {isa = PBXFileReference; fileEncoding = 4; lastKnownFileType = sourcecode.c.objc; path = "NSDate+Week.m"; sourceTree = "<group>"; };
		FAD6D21017D5C9D6006B4B1E /* NSDate+Time.h */ = {isa = PBXFileReference; fileEncoding = 4; lastKnownFileType = sourcecode.c.h; path = "NSDate+Time.h"; sourceTree = "<group>"; };
		FAD6D21117D5C9D6006B4B1E /* NSDate+Time.m */ = {isa = PBXFileReference; fileEncoding = 4; lastKnownFileType = sourcecode.c.objc; path = "NSDate+Time.m"; sourceTree = "<group>"; };
		FAD6D21317D5CB2A006B4B1E /* NSDate+TimeSpec.mm */ = {isa = PBXFileReference; fileEncoding = 4; lastKnownFileType = sourcecode.cpp.objcpp; path = "NSDate+TimeSpec.mm"; sourceTree = "<group>"; };
		FAD6D21517D66D46006B4B1E /* NSDate+DaySpec.mm */ = {isa = PBXFileReference; fileEncoding = 4; lastKnownFileType = sourcecode.cpp.objcpp; path = "NSDate+DaySpec.mm"; sourceTree = "<group>"; };
/* End PBXFileReference section */

/* Begin PBXFrameworksBuildPhase section */
		FA3A3CE017ABD59C00E34F28 /* Frameworks */ = {
			isa = PBXFrameworksBuildPhase;
			buildActionMask = 2147483647;
			files = (
				FA3A3CE717ABD59C00E34F28 /* UIKit.framework in Frameworks */,
				FA3A3CE917ABD59C00E34F28 /* Foundation.framework in Frameworks */,
				FA3A3CEB17ABD59C00E34F28 /* CoreGraphics.framework in Frameworks */,
				A09191BD02CD4484B1A43EC8 /* libPods.a in Frameworks */,
			);
			runOnlyForDeploymentPostprocessing = 0;
		};
/* End PBXFrameworksBuildPhase section */

/* Begin PBXGroup section */
		FA3A3CDA17ABD59C00E34F28 = {
			isa = PBXGroup;
			children = (
				FA3A3D0417ABD7DA00E34F28 /* Classes */,
				FA3A3CEC17ABD59C00E34F28 /* NSDateCategoriesSpec */,
				FA3A3CE517ABD59C00E34F28 /* Frameworks */,
				FA3A3CE417ABD59C00E34F28 /* Products */,
				AB806A60F67E4DC691C293D0 /* Pods.xcconfig */,
			);
			sourceTree = "<group>";
		};
		FA3A3CE417ABD59C00E34F28 /* Products */ = {
			isa = PBXGroup;
			children = (
				FA3A3CE317ABD59C00E34F28 /* NSDateCategoriesSpec.app */,
			);
			name = Products;
			sourceTree = "<group>";
		};
		FA3A3CE517ABD59C00E34F28 /* Frameworks */ = {
			isa = PBXGroup;
			children = (
				FA3A3CE617ABD59C00E34F28 /* UIKit.framework */,
				FA3A3CE817ABD59C00E34F28 /* Foundation.framework */,
				FA3A3CEA17ABD59C00E34F28 /* CoreGraphics.framework */,
				3365E293CA4546FE8F17E32E /* libPods.a */,
			);
			name = Frameworks;
			sourceTree = "<group>";
		};
		FA3A3CEC17ABD59C00E34F28 /* NSDateCategoriesSpec */ = {
			isa = PBXGroup;
			children = (
				FA3A3D0317ABD7B200E34F28 /* Spec */,
				FA3A3CED17ABD59C00E34F28 /* Supporting Files */,
			);
			path = NSDateCategoriesSpec;
			sourceTree = "<group>";
		};
		FA3A3CED17ABD59C00E34F28 /* Supporting Files */ = {
			isa = PBXGroup;
			children = (
				FA3A3CEE17ABD59C00E34F28 /* NSDateCategoriesSpec-Info.plist */,
				FA3A3CEF17ABD59C00E34F28 /* InfoPlist.strings */,
				FA3A3CF217ABD59C00E34F28 /* main.m */,
				FA3A3CF417ABD59D00E34F28 /* NSDateCategoriesSpec-Prefix.pch */,
				FA3A3CF817ABD59D00E34F28 /* Default.png */,
				FA3A3CFA17ABD59D00E34F28 /* Default@2x.png */,
				FA3A3CFC17ABD59D00E34F28 /* Default-568h@2x.png */,
			);
			name = "Supporting Files";
			sourceTree = "<group>";
		};
		FA3A3D0317ABD7B200E34F28 /* Spec */ = {
			isa = PBXGroup;
			children = (
				FAD6D21317D5CB2A006B4B1E /* NSDate+TimeSpec.mm */,
				FAD6D21517D66D46006B4B1E /* NSDate+DaySpec.mm */,
			);
			name = Spec;
			sourceTree = "<group>";
		};
		FA3A3D0417ABD7DA00E34F28 /* Classes */ = {
			isa = PBXGroup;
			children = (
				FA3A3D0717ABD7DA00E34F28 /* NSDate+Components.h */,
				FA3A3D0817ABD7DA00E34F28 /* NSDate+Components.m */,
				FA3A3D0B17ABD7DA00E34F28 /* NSDate+Day.h */,
				FA3A3D0C17ABD7DA00E34F28 /* NSDate+Day.m */,
				FA3A3D0F17ABD7DA00E34F28 /* NSDate+Week.h */,
				FA3A3D1017ABD7DA00E34F28 /* NSDate+Week.m */,
				FAD6D21017D5C9D6006B4B1E /* NSDate+Time.h */,
				FAD6D21117D5C9D6006B4B1E /* NSDate+Time.m */,
			);
			name = Classes;
			path = ../Classes;
			sourceTree = "<group>";
		};
/* End PBXGroup section */

/* Begin PBXNativeTarget section */
		FA3A3CE217ABD59C00E34F28 /* NSDateCategoriesSpec */ = {
			isa = PBXNativeTarget;
			buildConfigurationList = FA3A3D0017ABD59D00E34F28 /* Build configuration list for PBXNativeTarget "NSDateCategoriesSpec" */;
			buildPhases = (
				2F905142B2F741309DE675F0 /* Check Pods Manifest.lock */,
				FA3A3CDF17ABD59C00E34F28 /* Sources */,
				FA3A3CE017ABD59C00E34F28 /* Frameworks */,
				FA3A3CE117ABD59C00E34F28 /* Resources */,
				481DF5AD980D45C1A213C506 /* Copy Pods Resources */,
			);
			buildRules = (
			);
			dependencies = (
			);
			name = NSDateCategoriesSpec;
			productName = NSDateCategoriesSpec;
			productReference = FA3A3CE317ABD59C00E34F28 /* NSDateCategoriesSpec.app */;
			productType = "com.apple.product-type.application";
		};
/* End PBXNativeTarget section */

/* Begin PBXProject section */
		FA3A3CDB17ABD59C00E34F28 /* Project object */ = {
			isa = PBXProject;
			attributes = {
				LastUpgradeCheck = 0460;
				ORGANIZATIONNAME = okolodev;
			};
			buildConfigurationList = FA3A3CDE17ABD59C00E34F28 /* Build configuration list for PBXProject "NSDateCategoriesSpec" */;
			compatibilityVersion = "Xcode 3.2";
			developmentRegion = English;
			hasScannedForEncodings = 0;
			knownRegions = (
				en,
			);
			mainGroup = FA3A3CDA17ABD59C00E34F28;
			productRefGroup = FA3A3CE417ABD59C00E34F28 /* Products */;
			projectDirPath = "";
			projectRoot = "";
			targets = (
				FA3A3CE217ABD59C00E34F28 /* NSDateCategoriesSpec */,
			);
		};
/* End PBXProject section */

/* Begin PBXResourcesBuildPhase section */
		FA3A3CE117ABD59C00E34F28 /* Resources */ = {
			isa = PBXResourcesBuildPhase;
			buildActionMask = 2147483647;
			files = (
				FA3A3CF117ABD59C00E34F28 /* InfoPlist.strings in Resources */,
				FA3A3CF917ABD59D00E34F28 /* Default.png in Resources */,
				FA3A3CFB17ABD59D00E34F28 /* Default@2x.png in Resources */,
				FA3A3CFD17ABD59D00E34F28 /* Default-568h@2x.png in Resources */,
			);
			runOnlyForDeploymentPostprocessing = 0;
		};
/* End PBXResourcesBuildPhase section */

/* Begin PBXShellScriptBuildPhase section */
		2F905142B2F741309DE675F0 /* Check Pods Manifest.lock */ = {
			isa = PBXShellScriptBuildPhase;
			buildActionMask = 2147483647;
			files = (
			);
			inputPaths = (
			);
			name = "Check Pods Manifest.lock";
			outputPaths = (
			);
			runOnlyForDeploymentPostprocessing = 0;
			shellPath = /bin/sh;
			shellScript = "diff \"${PODS_ROOT}/../Podfile.lock\" \"${PODS_ROOT}/Manifest.lock\" > /dev/null\nif [[ $? != 0 ]] ; then\n    cat << EOM\nerror: The sandbox is not in sync with the Podfile.lock. Run 'pod install' or update your CocoaPods installation.\nEOM\n    exit 1\nfi\n";
			showEnvVarsInLog = 0;
		};
		481DF5AD980D45C1A213C506 /* Copy Pods Resources */ = {
			isa = PBXShellScriptBuildPhase;
			buildActionMask = 2147483647;
			files = (
			);
			inputPaths = (
			);
			name = "Copy Pods Resources";
			outputPaths = (
			);
			runOnlyForDeploymentPostprocessing = 0;
			shellPath = /bin/sh;
			shellScript = "\"${SRCROOT}/Pods/Pods-resources.sh\"\n";
			showEnvVarsInLog = 0;
		};
/* End PBXShellScriptBuildPhase section */

/* Begin PBXSourcesBuildPhase section */
		FA3A3CDF17ABD59C00E34F28 /* Sources */ = {
			isa = PBXSourcesBuildPhase;
			buildActionMask = 2147483647;
			files = (
				FA3A3CF317ABD59C00E34F28 /* main.m in Sources */,
				FA3A3D1217ABD7DA00E34F28 /* NSDate+Components.m in Sources */,
				FA3A3D1417ABD7DA00E34F28 /* NSDate+Day.m in Sources */,
				FA3A3D1617ABD7DA00E34F28 /* NSDate+Week.m in Sources */,
				FAD6D21217D5C9D6006B4B1E /* NSDate+Time.m in Sources */,
				FAD6D21417D5CB2A006B4B1E /* NSDate+TimeSpec.mm in Sources */,
				FAD6D21617D66D46006B4B1E /* NSDate+DaySpec.mm in Sources */,
			);
			runOnlyForDeploymentPostprocessing = 0;
		};
/* End PBXSourcesBuildPhase section */

/* Begin PBXVariantGroup section */
		FA3A3CEF17ABD59C00E34F28 /* InfoPlist.strings */ = {
			isa = PBXVariantGroup;
			children = (
				FA3A3CF017ABD59C00E34F28 /* en */,
			);
			name = InfoPlist.strings;
			sourceTree = "<group>";
		};
/* End PBXVariantGroup section */

/* Begin XCBuildConfiguration section */
		FA3A3CFE17ABD59D00E34F28 /* Debug */ = {
			isa = XCBuildConfiguration;
			buildSettings = {
				ALWAYS_SEARCH_USER_PATHS = NO;
				CLANG_CXX_LANGUAGE_STANDARD = "gnu++0x";
				CLANG_CXX_LIBRARY = "libc++";
				CLANG_WARN_CONSTANT_CONVERSION = YES;
				CLANG_WARN_EMPTY_BODY = YES;
				CLANG_WARN_ENUM_CONVERSION = YES;
				CLANG_WARN_INT_CONVERSION = YES;
				CLANG_WARN__DUPLICATE_METHOD_MATCH = YES;
				"CODE_SIGN_IDENTITY[sdk=iphoneos*]" = "iPhone Developer";
				COPY_PHASE_STRIP = NO;
				GCC_C_LANGUAGE_STANDARD = gnu99;
				GCC_DYNAMIC_NO_PIC = NO;
				GCC_OPTIMIZATION_LEVEL = 0;
				GCC_PREPROCESSOR_DEFINITIONS = (
					"DEBUG=1",
					"$(inherited)",
				);
				GCC_SYMBOLS_PRIVATE_EXTERN = NO;
				GCC_WARN_ABOUT_RETURN_TYPE = YES;
				GCC_WARN_UNINITIALIZED_AUTOS = YES;
				GCC_WARN_UNUSED_VARIABLE = YES;
				IPHONEOS_DEPLOYMENT_TARGET = 6.1;
				ONLY_ACTIVE_ARCH = YES;
				SDKROOT = iphoneos;
			};
			name = Debug;
		};
		FA3A3CFF17ABD59D00E34F28 /* Release */ = {
			isa = XCBuildConfiguration;
			buildSettings = {
				ALWAYS_SEARCH_USER_PATHS = NO;
				CLANG_CXX_LANGUAGE_STANDARD = "gnu++0x";
				CLANG_CXX_LIBRARY = "libc++";
				CLANG_WARN_CONSTANT_CONVERSION = YES;
				CLANG_WARN_EMPTY_BODY = YES;
				CLANG_WARN_ENUM_CONVERSION = YES;
				CLANG_WARN_INT_CONVERSION = YES;
				CLANG_WARN__DUPLICATE_METHOD_MATCH = YES;
				"CODE_SIGN_IDENTITY[sdk=iphoneos*]" = "iPhone Developer";
				COPY_PHASE_STRIP = YES;
				GCC_C_LANGUAGE_STANDARD = gnu99;
				GCC_WARN_ABOUT_RETURN_TYPE = YES;
				GCC_WARN_UNINITIALIZED_AUTOS = YES;
				GCC_WARN_UNUSED_VARIABLE = YES;
				IPHONEOS_DEPLOYMENT_TARGET = 6.1;
				OTHER_CFLAGS = "-DNS_BLOCK_ASSERTIONS=1";
				SDKROOT = iphoneos;
				VALIDATE_PRODUCT = YES;
			};
			name = Release;
		};
		FA3A3D0117ABD59D00E34F28 /* Debug */ = {
			isa = XCBuildConfiguration;
			baseConfigurationReference = AB806A60F67E4DC691C293D0 /* Pods.xcconfig */;
			buildSettings = {
				CLANG_ENABLE_OBJC_ARC = YES;
				GCC_PRECOMPILE_PREFIX_HEADER = YES;
				GCC_PREFIX_HEADER = "NSDateCategoriesSpec/NSDateCategoriesSpec-Prefix.pch";
				INFOPLIST_FILE = "NSDateCategoriesSpec/NSDateCategoriesSpec-Info.plist";
				PRODUCT_NAME = "$(TARGET_NAME)";
				WRAPPER_EXTENSION = app;
			};
			name = Debug;
		};
		FA3A3D0217ABD59D00E34F28 /* Release */ = {
			isa = XCBuildConfiguration;
			baseConfigurationReference = AB806A60F67E4DC691C293D0 /* Pods.xcconfig */;
			buildSettings = {
				CLANG_ENABLE_OBJC_ARC = YES;
				GCC_PRECOMPILE_PREFIX_HEADER = YES;
				GCC_PREFIX_HEADER = "NSDateCategoriesSpec/NSDateCategoriesSpec-Prefix.pch";
				INFOPLIST_FILE = "NSDateCategoriesSpec/NSDateCategoriesSpec-Info.plist";
				PRODUCT_NAME = "$(TARGET_NAME)";
				WRAPPER_EXTENSION = app;
			};
			name = Release;
		};
/* End XCBuildConfiguration section */

/* Begin XCConfigurationList section */
		FA3A3CDE17ABD59C00E34F28 /* Build configuration list for PBXProject "NSDateCategoriesSpec" */ = {
			isa = XCConfigurationList;
			buildConfigurations = (
				FA3A3CFE17ABD59D00E34F28 /* Debug */,
				FA3A3CFF17ABD59D00E34F28 /* Release */,
			);
			defaultConfigurationIsVisible = 0;
			defaultConfigurationName = Release;
		};
		FA3A3D0017ABD59D00E34F28 /* Build configuration list for PBXNativeTarget "NSDateCategoriesSpec" */ = {
			isa = XCConfigurationList;
			buildConfigurations = (
				FA3A3D0117ABD59D00E34F28 /* Debug */,
				FA3A3D0217ABD59D00E34F28 /* Release */,
			);
			defaultConfigurationIsVisible = 0;
			defaultConfigurationName = Release;
		};
/* End XCConfigurationList section */
	};
	rootObject = FA3A3CDB17ABD59C00E34F28 /* Project object */;
}
